Microsoft Visual Studio Solution File, Format Version 12.00
# Visual Studio Version 17
VisualStudioVersion = 17.0.31611.283
MinimumVisualStudioVersion = 10.0.40219.1
Project("{9A19103F-16F7-4668-BE54-9A1E7A4F7556}") = "Multi-App-Ui", "Multi-App-Ui\Multi-App-Ui.csproj", "{C37E2FBE-456A-4F48-A129-88D200EFA058}"
EndProject
Project("{9A19103F-16F7-4668-BE54-9A1E7A4F7556}") = "DinnerAidAPI", "DinnerAidAPI\DinnerAidAPI.csproj", "{09CB5208-AFD5-401E-AFD9-445F25B5A67F}"
EndProject
Project("{FAE04EC0-301F-11D3-BF4B-00C04F79EFBC}") = "Shared", "Shared\Shared.csproj", "{7FB6BFEC-33B4-4AAD-B661-FF558526FD9C}"
EndProject
Project("{FAE04EC0-301F-11D3-BF4B-00C04F79EFBC}") = "DinnerAid_Web", "DinnerAid_Web\DinnerAid_Web.csproj", "{B87B9F1C-5BDA-408D-B258-B6F89873A05D}"
EndProject
Global
	GlobalSection(SolutionConfigurationPlatforms) = preSolution
		Debug|Any CPU = Debug|Any CPU
		Release|Any CPU = Release|Any CPU
	EndGlobalSection
	GlobalSection(ProjectConfigurationPlatforms) = postSolution
		{C37E2FBE-456A-4F48-A129-88D200EFA058}.Debug|Any CPU.ActiveCfg = Debug|Any CPU
		{C37E2FBE-456A-4F48-A129-88D200EFA058}.Debug|Any CPU.Build.0 = Debug|Any CPU
		{C37E2FBE-456A-4F48-A129-88D200EFA058}.Debug|Any CPU.Deploy.0 = Debug|Any CPU
		{C37E2FBE-456A-4F48-A129-88D200EFA058}.Release|Any CPU.ActiveCfg = Release|Any CPU
		{C37E2FBE-456A-4F48-A129-88D200EFA058}.Release|Any CPU.Build.0 = Release|Any CPU
		{C37E2FBE-456A-4F48-A129-88D200EFA058}.Release|Any CPU.Deploy.0 = Release|Any CPU
		{09CB5208-AFD5-401E-AFD9-445F25B5A67F}.Debug|Any CPU.ActiveCfg = Debug|Any CPU
		{09CB5208-AFD5-401E-AFD9-445F25B5A67F}.Debug|Any CPU.Build.0 = Debug|Any CPU
		{09CB5208-AFD5-401E-AFD9-445F25B5A67F}.Release|Any CPU.ActiveCfg = Release|Any CPU
		{09CB5208-AFD5-401E-AFD9-445F25B5A67F}.Release|Any CPU.Build.0 = Release|Any CPU
		{7FB6BFEC-33B4-4AAD-B661-FF558526FD9C}.Debug|Any CPU.ActiveCfg = Debug|Any CPU
		{7FB6BFEC-33B4-4AAD-B661-FF558526FD9C}.Debug|Any CPU.Build.0 = Debug|Any CPU
		{7FB6BFEC-33B4-4AAD-B661-FF558526FD9C}.Release|Any CPU.ActiveCfg = Release|Any CPU
		{7FB6BFEC-33B4-4AAD-B661-FF558526FD9C}.Release|Any CPU.Build.0 = Release|Any CPU
		{B87B9F1C-5BDA-408D-B258-B6F89873A05D}.Debug|Any CPU.ActiveCfg = Debug|Any CPU
		{B87B9F1C-5BDA-408D-B258-B6F89873A05D}.Debug|Any CPU.Build.0 = Debug|Any CPU
		{B87B9F1C-5BDA-408D-B258-B6F89873A05D}.Release|Any CPU.ActiveCfg = Release|Any CPU
		{B87B9F1C-5BDA-408D-B258-B6F89873A05D}.Release|Any CPU.Build.0 = Release|Any CPU
	EndGlobalSection
	GlobalSection(SolutionProperties) = preSolution
		HideSolutionNode = FALSE
	EndGlobalSection
	GlobalSection(ExtensibilityGlobals) = postSolution
		SolutionGuid = {61F7FB11-1E47-470C-91E2-47F8143E1572}
	EndGlobalSection
EndGlobal
